
Microsoft Visual Studio Solution File, Format Version 12.00
# Visual Studio Version 17
VisualStudioVersion = 17.14.36603.0 d17.14
MinimumVisualStudioVersion = 10.0.40219.1
Project("{FAE04EC0-301F-11D3-BF4B-00C04F79EFBC}") = "monacoeditor", "monacoeditor.csproj", "{CD4A1BE5-1D39-4351-B3D2-2F4920466E07}"
EndProject
Global
	GlobalSection(SolutionConfigurationPlatforms) = preSolution
		Debug|Any CPU = Debug|Any CPU
		Release|Any CPU = Release|Any CPU
	EndGlobalSection
	GlobalSection(ProjectConfigurationPlatforms) = postSolution
		{CD4A1BE5-1D39-4351-B3D2-2F4920466E07}.Debug|Any CPU.ActiveCfg = Debug|Any CPU
		{CD4A1BE5-1D39-4351-B3D2-2F4920466E07}.Debug|Any CPU.Build.0 = Debug|Any CPU
		{CD4A1BE5-1D39-4351-B3D2-2F4920466E07}.Release|Any CPU.ActiveCfg = Release|Any CPU
		{CD4A1BE5-1D39-4351-B3D2-2F4920466E07}.Release|Any CPU.Build.0 = Release|Any CPU
	EndGlobalSection
	GlobalSection(SolutionProperties) = preSolution
		HideSolutionNode = FALSE
	EndGlobalSection
	GlobalSection(ExtensibilityGlobals) = postSolution
		SolutionGuid = {3C186680-6BFC-4533-952D-FB1B99EEE4C1}
	EndGlobalSection
EndGlobal
